
Microsoft Visual Studio Solution File, Format Version 12.00
Project("{FAE04EC0-301F-11D3-BF4B-00C04F79EFBC}") = "VendingMachine.API", "VendingMachine.API\VendingMachine.API.csproj", "{FEAFFDD4-97B5-4B8C-B4F1-22790066D34E}"
EndProject
Project("{FAE04EC0-301F-11D3-BF4B-00C04F79EFBC}") = "VendingMachine.EF", "VendingMachine.EF\VendingMachine.EF.csproj", "{53AF147C-CF73-4700-B01C-A17FBD08047D}"
EndProject
Project("{FAE04EC0-301F-11D3-BF4B-00C04F79EFBC}") = "VendingMachine.Domain", "VendingMachine.Domain\VendingMachine.Domain.csproj", "{CFE3A68D-264C-4764-BEE7-492B8EF63186}"
EndProject
Project("{FAE04EC0-301F-11D3-BF4B-00C04F79EFBC}") = "VendingMachine.Auth", "VendingMachine.Auth\VendingMachine.Auth.csproj", "{A6F55DF6-68A3-4200-99EC-088E38495030}"
EndProject
Project("{FAE04EC0-301F-11D3-BF4B-00C04F79EFBC}") = "VendingMachine.Domain.Tests", "VendingMachine.Domain.Tests\VendingMachine.Domain.Tests.csproj", "{F068C967-553C-49EA-8B80-DCDC2E28FC85}"
EndProject
Global
	GlobalSection(SolutionConfigurationPlatforms) = preSolution
		Debug|Any CPU = Debug|Any CPU
		Release|Any CPU = Release|Any CPU
	EndGlobalSection
	GlobalSection(ProjectConfigurationPlatforms) = postSolution
		{FEAFFDD4-97B5-4B8C-B4F1-22790066D34E}.Debug|Any CPU.ActiveCfg = Debug|Any CPU
		{FEAFFDD4-97B5-4B8C-B4F1-22790066D34E}.Debug|Any CPU.Build.0 = Debug|Any CPU
		{FEAFFDD4-97B5-4B8C-B4F1-22790066D34E}.Release|Any CPU.ActiveCfg = Release|Any CPU
		{FEAFFDD4-97B5-4B8C-B4F1-22790066D34E}.Release|Any CPU.Build.0 = Release|Any CPU
		{53AF147C-CF73-4700-B01C-A17FBD08047D}.Debug|Any CPU.ActiveCfg = Debug|Any CPU
		{53AF147C-CF73-4700-B01C-A17FBD08047D}.Debug|Any CPU.Build.0 = Debug|Any CPU
		{53AF147C-CF73-4700-B01C-A17FBD08047D}.Release|Any CPU.ActiveCfg = Release|Any CPU
		{53AF147C-CF73-4700-B01C-A17FBD08047D}.Release|Any CPU.Build.0 = Release|Any CPU
		{CFE3A68D-264C-4764-BEE7-492B8EF63186}.Debug|Any CPU.ActiveCfg = Debug|Any CPU
		{CFE3A68D-264C-4764-BEE7-492B8EF63186}.Debug|Any CPU.Build.0 = Debug|Any CPU
		{CFE3A68D-264C-4764-BEE7-492B8EF63186}.Release|Any CPU.ActiveCfg = Release|Any CPU
		{CFE3A68D-264C-4764-BEE7-492B8EF63186}.Release|Any CPU.Build.0 = Release|Any CPU
		{A6F55DF6-68A3-4200-99EC-088E38495030}.Debug|Any CPU.ActiveCfg = Debug|Any CPU
		{A6F55DF6-68A3-4200-99EC-088E38495030}.Debug|Any CPU.Build.0 = Debug|Any CPU
		{A6F55DF6-68A3-4200-99EC-088E38495030}.Release|Any CPU.ActiveCfg = Release|Any CPU
		{A6F55DF6-68A3-4200-99EC-088E38495030}.Release|Any CPU.Build.0 = Release|Any CPU
		{F068C967-553C-49EA-8B80-DCDC2E28FC85}.Debug|Any CPU.ActiveCfg = Debug|Any CPU
		{F068C967-553C-49EA-8B80-DCDC2E28FC85}.Debug|Any CPU.Build.0 = Debug|Any CPU
		{F068C967-553C-49EA-8B80-DCDC2E28FC85}.Release|Any CPU.ActiveCfg = Release|Any CPU
		{F068C967-553C-49EA-8B80-DCDC2E28FC85}.Release|Any CPU.Build.0 = Release|Any CPU
	EndGlobalSection
EndGlobal
